{"1.2.0",
[{<<"antidote_crdt">>,{pkg,<<"antidote_crdt">>,<<"0.1.3">>},0},
 {<<"vectorclock">>,{pkg,<<"vectorclock">>,<<"0.2.0">>},0}]}.
[
{pkg_hash,[
 {<<"antidote_crdt">>, <<"FBAD3C65BA21E781C9E3D064C483D42F0CC52FC7145F2C317A918C31224270BB">>},
 {<<"vectorclock">>, <<"6C4A9D44895F51BB99910DBE31FC691BF05FA6B2BF84986F6E3BDE4BD18F6CBA">>}]},
{pkg_hash_ext,[
 {<<"antidote_crdt">>, <<"5625673BB3227F5A77795C995F3139FCB5DC58117B1AB7AAC14A6FDDE58D7C6B">>},
 {<<"vectorclock">>, <<"1CBB5B261B73D2D2DE537BE01A673754769E220121154735F729DEBD1139F60F">>}]}
].
